
Microsoft Visual Studio Solution File, Format Version 12.00
# Visual Studio Version 16
VisualStudioVersion = 16.0.31105.61
MinimumVisualStudioVersion = 10.0.40219.1
Project("{FAE04EC0-301F-11D3-BF4B-00C04F79EFBC}") = "Cvl.DynamicForms.WebHost", "Cvl.DynamicForms.WebHost\Cvl.DynamicForms.WebHost.csproj", "{C3E5C706-3518-4607-ACC4-F968D80D2CBA}"
EndProject
Project("{FAE04EC0-301F-11D3-BF4B-00C04F79EFBC}") = "Cvl.DynamicForms.Server", "Cvl.DynamicForms.Server\Cvl.DynamicForms.Server.csproj", "{53794A0D-4229-439F-AC47-DEA8315D4BA9}"
EndProject
Project("{2150E333-8FDC-42A3-9474-1A3956D46DE8}") = "Test", "Test", "{C686474D-3F48-4A72-9061-9B8B00ECD2D8}"
EndProject
Project("{FAE04EC0-301F-11D3-BF4B-00C04F79EFBC}") = "Cvl.DynamicForms.Test", "Cvl.DynamicForms.Test\Cvl.DynamicForms.Test.csproj", "{597687B4-794E-4987-8317-0D5F6717C003}"
EndProject
Project("{FAE04EC0-301F-11D3-BF4B-00C04F79EFBC}") = "Cvl.DynamicForms.TestApp", "Cvl.DynamicForms.TestApp\Cvl.DynamicForms.TestApp.csproj", "{01E0B095-BCEC-4DC1-A462-FF5A9C9D6AE3}"
EndProject
Project("{FAE04EC0-301F-11D3-BF4B-00C04F79EFBC}") = "Cvl.DynamicForms", "Cvl.DynamicForms\Cvl.DynamicForms.csproj", "{299C94AA-5452-4C35-9419-B96C06BCECB8}"
EndProject
Global
	GlobalSection(SolutionConfigurationPlatforms) = preSolution
		Debug|Any CPU = Debug|Any CPU
		Release|Any CPU = Release|Any CPU
	EndGlobalSection
	GlobalSection(ProjectConfigurationPlatforms) = postSolution
		{C3E5C706-3518-4607-ACC4-F968D80D2CBA}.Debug|Any CPU.ActiveCfg = Debug|Any CPU
		{C3E5C706-3518-4607-ACC4-F968D80D2CBA}.Debug|Any CPU.Build.0 = Debug|Any CPU
		{C3E5C706-3518-4607-ACC4-F968D80D2CBA}.Release|Any CPU.ActiveCfg = Release|Any CPU
		{C3E5C706-3518-4607-ACC4-F968D80D2CBA}.Release|Any CPU.Build.0 = Release|Any CPU
		{53794A0D-4229-439F-AC47-DEA8315D4BA9}.Debug|Any CPU.ActiveCfg = Debug|Any CPU
		{53794A0D-4229-439F-AC47-DEA8315D4BA9}.Debug|Any CPU.Build.0 = Debug|Any CPU
		{53794A0D-4229-439F-AC47-DEA8315D4BA9}.Release|Any CPU.ActiveCfg = Release|Any CPU
		{53794A0D-4229-439F-AC47-DEA8315D4BA9}.Release|Any CPU.Build.0 = Release|Any CPU
		{597687B4-794E-4987-8317-0D5F6717C003}.Debug|Any CPU.ActiveCfg = Debug|Any CPU
		{597687B4-794E-4987-8317-0D5F6717C003}.Debug|Any CPU.Build.0 = Debug|Any CPU
		{597687B4-794E-4987-8317-0D5F6717C003}.Release|Any CPU.ActiveCfg = Release|Any CPU
		{597687B4-794E-4987-8317-0D5F6717C003}.Release|Any CPU.Build.0 = Release|Any CPU
		{01E0B095-BCEC-4DC1-A462-FF5A9C9D6AE3}.Debug|Any CPU.ActiveCfg = Debug|Any CPU
		{01E0B095-BCEC-4DC1-A462-FF5A9C9D6AE3}.Debug|Any CPU.Build.0 = Debug|Any CPU
		{01E0B095-BCEC-4DC1-A462-FF5A9C9D6AE3}.Release|Any CPU.ActiveCfg = Release|Any CPU
		{01E0B095-BCEC-4DC1-A462-FF5A9C9D6AE3}.Release|Any CPU.Build.0 = Release|Any CPU
		{299C94AA-5452-4C35-9419-B96C06BCECB8}.Debug|Any CPU.ActiveCfg = Debug|Any CPU
		{299C94AA-5452-4C35-9419-B96C06BCECB8}.Debug|Any CPU.Build.0 = Debug|Any CPU
		{299C94AA-5452-4C35-9419-B96C06BCECB8}.Release|Any CPU.ActiveCfg = Release|Any CPU
		{299C94AA-5452-4C35-9419-B96C06BCECB8}.Release|Any CPU.Build.0 = Release|Any CPU
	EndGlobalSection
	GlobalSection(SolutionProperties) = preSolution
		HideSolutionNode = FALSE
	EndGlobalSection
	GlobalSection(NestedProjects) = preSolution
		{597687B4-794E-4987-8317-0D5F6717C003} = {C686474D-3F48-4A72-9061-9B8B00ECD2D8}
		{01E0B095-BCEC-4DC1-A462-FF5A9C9D6AE3} = {C686474D-3F48-4A72-9061-9B8B00ECD2D8}
	EndGlobalSection
	GlobalSection(ExtensibilityGlobals) = postSolution
		SolutionGuid = {E69BCE51-4482-4EB2-9B27-94818C68DA6E}
	EndGlobalSection
EndGlobal
