
Microsoft Visual Studio Solution File, Format Version 12.00
# Visual Studio Version 17
VisualStudioVersion = 17.0.31912.275
MinimumVisualStudioVersion = 10.0.40219.1
Project("{9A19103F-16F7-4668-BE54-9A1E7A4F7556}") = "Cvl.DynamicForms", "Cvl.DynamicForms\Cvl.DynamicForms.csproj", "{C521E424-376C-4AF1-849A-E13A9E0DB3C3}"
EndProject
Project("{9A19103F-16F7-4668-BE54-9A1E7A4F7556}") = "TestApp", "TestApp\TestApp.csproj", "{FD7A6C9B-D738-4E5B-BF13-3A939E166E50}"
EndProject
Project("{9A19103F-16F7-4668-BE54-9A1E7A4F7556}") = "Cvl.DynamicForms.WebApp", "Cvl.DynamicForms.WebApp\Cvl.DynamicForms.WebApp.csproj", "{AB2B7BBD-9CD0-4755-8EB4-EAB90EEBD607}"
EndProject
Global
	GlobalSection(SolutionConfigurationPlatforms) = preSolution
		Debug|Any CPU = Debug|Any CPU
		Release|Any CPU = Release|Any CPU
	EndGlobalSection
	GlobalSection(ProjectConfigurationPlatforms) = postSolution
		{C521E424-376C-4AF1-849A-E13A9E0DB3C3}.Debug|Any CPU.ActiveCfg = Debug|Any CPU
		{C521E424-376C-4AF1-849A-E13A9E0DB3C3}.Debug|Any CPU.Build.0 = Debug|Any CPU
		{C521E424-376C-4AF1-849A-E13A9E0DB3C3}.Release|Any CPU.ActiveCfg = Release|Any CPU
		{C521E424-376C-4AF1-849A-E13A9E0DB3C3}.Release|Any CPU.Build.0 = Release|Any CPU
		{FD7A6C9B-D738-4E5B-BF13-3A939E166E50}.Debug|Any CPU.ActiveCfg = Debug|Any CPU
		{FD7A6C9B-D738-4E5B-BF13-3A939E166E50}.Debug|Any CPU.Build.0 = Debug|Any CPU
		{FD7A6C9B-D738-4E5B-BF13-3A939E166E50}.Release|Any CPU.ActiveCfg = Release|Any CPU
		{FD7A6C9B-D738-4E5B-BF13-3A939E166E50}.Release|Any CPU.Build.0 = Release|Any CPU
		{AB2B7BBD-9CD0-4755-8EB4-EAB90EEBD607}.Debug|Any CPU.ActiveCfg = Debug|Any CPU
		{AB2B7BBD-9CD0-4755-8EB4-EAB90EEBD607}.Debug|Any CPU.Build.0 = Debug|Any CPU
		{AB2B7BBD-9CD0-4755-8EB4-EAB90EEBD607}.Release|Any CPU.ActiveCfg = Release|Any CPU
		{AB2B7BBD-9CD0-4755-8EB4-EAB90EEBD607}.Release|Any CPU.Build.0 = Release|Any CPU
	EndGlobalSection
	GlobalSection(SolutionProperties) = preSolution
		HideSolutionNode = FALSE
	EndGlobalSection
	GlobalSection(ExtensibilityGlobals) = postSolution
		SolutionGuid = {E69BCE51-4482-4EB2-9B27-94818C68DA6E}
	EndGlobalSection
EndGlobal
